
Microsoft Visual Studio Solution File, Format Version 12.00
# Visual Studio 15
VisualStudioVersion = 15.0.28307.136
MinimumVisualStudioVersion = 10.0.40219.1
Project("{8BC9CEB8-8B4A-11D0-8D11-00A0C91BC942}") = "BinarySearchTree", "BinarySearchTree\BinarySearchTree.vcxproj", "{2E2D6930-D3A8-4572-BD5B-849E0509ECA5}"
EndProject
Global
	GlobalSection(SolutionConfigurationPlatforms) = preSolution
		Debug|x64 = Debug|x64
		Debug|x86 = Debug|x86
		Release|x64 = Release|x64
		Release|x86 = Release|x86
	EndGlobalSection
	GlobalSection(ProjectConfigurationPlatforms) = postSolution
		{2E2D6930-D3A8-4572-BD5B-849E0509ECA5}.Debug|x64.ActiveCfg = Debug|x64
		{2E2D6930-D3A8-4572-BD5B-849E0509ECA5}.Debug|x64.Build.0 = Debug|x64
		{2E2D6930-D3A8-4572-BD5B-849E0509ECA5}.Debug|x86.ActiveCfg = Debug|Win32
		{2E2D6930-D3A8-4572-BD5B-849E0509ECA5}.Debug|x86.Build.0 = Debug|Win32
		{2E2D6930-D3A8-4572-BD5B-849E0509ECA5}.Release|x64.ActiveCfg = Release|x64
		{2E2D6930-D3A8-4572-BD5B-849E0509ECA5}.Release|x64.Build.0 = Release|x64
		{2E2D6930-D3A8-4572-BD5B-849E0509ECA5}.Release|x86.ActiveCfg = Release|Win32
		{2E2D6930-D3A8-4572-BD5B-849E0509ECA5}.Release|x86.Build.0 = Release|Win32
	EndGlobalSection
	GlobalSection(SolutionProperties) = preSolution
		HideSolutionNode = FALSE
	EndGlobalSection
	GlobalSection(ExtensibilityGlobals) = postSolution
		SolutionGuid = {E86C2929-7709-4B60-B70C-7271636BB501}
	EndGlobalSection
EndGlobal
